
Microsoft Visual Studio Solution File, Format Version 12.00
# Visual Studio Version 16
VisualStudioVersion = 16.0.32228.343
MinimumVisualStudioVersion = 10.0.40219.1
Project("{FAE04EC0-301F-11D3-BF4B-00C04F79EFBC}") = "Pictograpp.Android", "Pictograpp\Pictograpp.Android\Pictograpp.Android.csproj", "{8A17AB37-562E-4812-A89F-78CA68E91B46}"
EndProject
Project("{FAE04EC0-301F-11D3-BF4B-00C04F79EFBC}") = "Pictograpp", "Pictograpp\Pictograpp\Pictograpp.csproj", "{9FA860E2-563F-45E9-8B18-D46D5FEA8068}"
EndProject
Global
	GlobalSection(SolutionConfigurationPlatforms) = preSolution
		Debug|Any CPU = Debug|Any CPU
		Release|Any CPU = Release|Any CPU
	EndGlobalSection
	GlobalSection(ProjectConfigurationPlatforms) = postSolution
		{8A17AB37-562E-4812-A89F-78CA68E91B46}.Debug|Any CPU.ActiveCfg = Debug|Any CPU
		{8A17AB37-562E-4812-A89F-78CA68E91B46}.Debug|Any CPU.Build.0 = Debug|Any CPU
		{8A17AB37-562E-4812-A89F-78CA68E91B46}.Debug|Any CPU.Deploy.0 = Debug|Any CPU
		{8A17AB37-562E-4812-A89F-78CA68E91B46}.Release|Any CPU.ActiveCfg = Release|Any CPU
		{8A17AB37-562E-4812-A89F-78CA68E91B46}.Release|Any CPU.Build.0 = Release|Any CPU
		{8A17AB37-562E-4812-A89F-78CA68E91B46}.Release|Any CPU.Deploy.0 = Release|Any CPU
		{9FA860E2-563F-45E9-8B18-D46D5FEA8068}.Debug|Any CPU.ActiveCfg = Debug|Any CPU
		{9FA860E2-563F-45E9-8B18-D46D5FEA8068}.Debug|Any CPU.Build.0 = Debug|Any CPU
		{9FA860E2-563F-45E9-8B18-D46D5FEA8068}.Debug|Any CPU.Deploy.0 = Debug|Any CPU
		{9FA860E2-563F-45E9-8B18-D46D5FEA8068}.Release|Any CPU.ActiveCfg = Release|Any CPU
		{9FA860E2-563F-45E9-8B18-D46D5FEA8068}.Release|Any CPU.Build.0 = Release|Any CPU
		{9FA860E2-563F-45E9-8B18-D46D5FEA8068}.Release|Any CPU.Deploy.0 = Release|Any CPU
	EndGlobalSection
	GlobalSection(SolutionProperties) = preSolution
		HideSolutionNode = FALSE
	EndGlobalSection
	GlobalSection(ExtensibilityGlobals) = postSolution
		SolutionGuid = {0D6F6B9B-EEC6-42C8-A916-93E4E1B78B61}
	EndGlobalSection
EndGlobal
